// !$*UTF8*$!
{
	archiveVersion = 1;
	classes = {
	};
	objectVersion = 46;
	objects = {

/* Begin PBXBuildFile section */
		167F61AD1D2EC6F000C3DCEC /* AppDelegate.swift in Sources */ = {isa = PBXBuildFile; fileRef = 167F61AC1D2EC6F000C3DCEC /* AppDelegate.swift */; };
		167F61AF1D2EC6F000C3DCEC /* LoginViewController.swift in Sources */ = {isa = PBXBuildFile; fileRef = 167F61AE1D2EC6F000C3DCEC /* LoginViewController.swift */; };
		167F61B21D2EC6F000C3DCEC /* Main.storyboard in Resources */ = {isa = PBXBuildFile; fileRef = 167F61B01D2EC6F000C3DCEC /* Main.storyboard */; };
		167F61B41D2EC6F000C3DCEC /* Assets.xcassets in Resources */ = {isa = PBXBuildFile; fileRef = 167F61B31D2EC6F000C3DCEC /* Assets.xcassets */; };
		167F61B71D2EC6F000C3DCEC /* LaunchScreen.storyboard in Resources */ = {isa = PBXBuildFile; fileRef = 167F61B51D2EC6F000C3DCEC /* LaunchScreen.storyboard */; };
		167F61C21D2EC6F000C3DCEC /* InventoryManagementTests.swift in Sources */ = {isa = PBXBuildFile; fileRef = 167F61C11D2EC6F000C3DCEC /* InventoryManagementTests.swift */; };
		167F61CD1D2EC6F000C3DCEC /* InventoryManagementUITests.swift in Sources */ = {isa = PBXBuildFile; fileRef = 167F61CC1D2EC6F000C3DCEC /* InventoryManagementUITests.swift */; };
		7D8E5B06F86C98D41482B1A3 /* Pods_InventoryManagement.framework in Frameworks */ = {isa = PBXBuildFile; fileRef = 41FEE53C6636A7C43393F92C /* Pods_InventoryManagement.framework */; };
		AC2889541D35881300C3225F /* GoogleService-Info.plist in Resources */ = {isa = PBXBuildFile; fileRef = AC2889521D35881300C3225F /* GoogleService-Info.plist */; };
		AC2889551D35881300C3225F /* WelcomeViewController.swift in Sources */ = {isa = PBXBuildFile; fileRef = AC2889531D35881300C3225F /* WelcomeViewController.swift */; };
		AC2889571D35D44500C3225F /* CreateAccountViewController.swift in Sources */ = {isa = PBXBuildFile; fileRef = AC2889561D35D44500C3225F /* CreateAccountViewController.swift */; };
		AC2889591D35DF1400C3225F /* SettingsViewController.swift in Sources */ = {isa = PBXBuildFile; fileRef = AC2889581D35DF1400C3225F /* SettingsViewController.swift */; };
		AC28895B1D35DF2300C3225F /* InventoryViewController.swift in Sources */ = {isa = PBXBuildFile; fileRef = AC28895A1D35DF2300C3225F /* InventoryViewController.swift */; };
/* End PBXBuildFile section */

/* Begin PBXContainerItemProxy section */
		167F61BE1D2EC6F000C3DCEC /* PBXContainerItemProxy */ = {
			isa = PBXContainerItemProxy;
			containerPortal = 167F61A11D2EC6F000C3DCEC /* Project object */;
			proxyType = 1;
			remoteGlobalIDString = 167F61A81D2EC6F000C3DCEC;
			remoteInfo = InventoryManagement;
		};
		167F61C91D2EC6F000C3DCEC /* PBXContainerItemProxy */ = {
			isa = PBXContainerItemProxy;
			containerPortal = 167F61A11D2EC6F000C3DCEC /* Project object */;
			proxyType = 1;
			remoteGlobalIDString = 167F61A81D2EC6F000C3DCEC;
			remoteInfo = InventoryManagement;
		};
/* End PBXContainerItemProxy section */

/* Begin PBXFileReference section */
		167F61A91D2EC6F000C3DCEC /* InventoryManagement.app */ = {isa = PBXFileReference; explicitFileType = wrapper.application; includeInIndex = 0; path = InventoryManagement.app; sourceTree = BUILT_PRODUCTS_DIR; };
		167F61AC1D2EC6F000C3DCEC /* AppDelegate.swift */ = {isa = PBXFileReference; lastKnownFileType = sourcecode.swift; path = AppDelegate.swift; sourceTree = "<group>"; };
		167F61AE1D2EC6F000C3DCEC /* LoginViewController.swift */ = {isa = PBXFileReference; lastKnownFileType = sourcecode.swift; path = LoginViewController.swift; sourceTree = "<group>"; };
		167F61B11D2EC6F000C3DCEC /* Base */ = {isa = PBXFileReference; lastKnownFileType = file.storyboard; name = Base; path = Base.lproj/Main.storyboard; sourceTree = "<group>"; };
		167F61B31D2EC6F000C3DCEC /* Assets.xcassets */ = {isa = PBXFileReference; lastKnownFileType = folder.assetcatalog; path = Assets.xcassets; sourceTree = "<group>"; };
		167F61B61D2EC6F000C3DCEC /* Base */ = {isa = PBXFileReference; lastKnownFileType = file.storyboard; name = Base; path = Base.lproj/LaunchScreen.storyboard; sourceTree = "<group>"; };
		167F61B81D2EC6F000C3DCEC /* Info.plist */ = {isa = PBXFileReference; lastKnownFileType = text.plist.xml; path = Info.plist; sourceTree = "<group>"; };
		167F61BD1D2EC6F000C3DCEC /* InventoryManagementTests.xctest */ = {isa = PBXFileReference; explicitFileType = wrapper.cfbundle; includeInIndex = 0; path = InventoryManagementTests.xctest; sourceTree = BUILT_PRODUCTS_DIR; };
		167F61C11D2EC6F000C3DCEC /* InventoryManagementTests.swift */ = {isa = PBXFileReference; lastKnownFileType = sourcecode.swift; path = InventoryManagementTests.swift; sourceTree = "<group>"; };
		167F61C31D2EC6F000C3DCEC /* Info.plist */ = {isa = PBXFileReference; lastKnownFileType = text.plist.xml; path = Info.plist; sourceTree = "<group>"; };
		167F61C81D2EC6F000C3DCEC /* InventoryManagementUITests.xctest */ = {isa = PBXFileReference; explicitFileType = wrapper.cfbundle; includeInIndex = 0; path = InventoryManagementUITests.xctest; sourceTree = BUILT_PRODUCTS_DIR; };
		167F61CC1D2EC6F000C3DCEC /* InventoryManagementUITests.swift */ = {isa = PBXFileReference; lastKnownFileType = sourcecode.swift; path = InventoryManagementUITests.swift; sourceTree = "<group>"; };
		167F61CE1D2EC6F000C3DCEC /* Info.plist */ = {isa = PBXFileReference; lastKnownFileType = text.plist.xml; path = Info.plist; sourceTree = "<group>"; };
		41FEE53C6636A7C43393F92C /* Pods_InventoryManagement.framework */ = {isa = PBXFileReference; explicitFileType = wrapper.framework; includeInIndex = 0; path = Pods_InventoryManagement.framework; sourceTree = BUILT_PRODUCTS_DIR; };
		AC2889521D35881300C3225F /* GoogleService-Info.plist */ = {isa = PBXFileReference; fileEncoding = 4; lastKnownFileType = text.plist.xml; path = "GoogleService-Info.plist"; sourceTree = "<group>"; };
		AC2889531D35881300C3225F /* WelcomeViewController.swift */ = {isa = PBXFileReference; fileEncoding = 4; lastKnownFileType = sourcecode.swift; path = WelcomeViewController.swift; sourceTree = "<group>"; };
		AC2889561D35D44500C3225F /* CreateAccountViewController.swift */ = {isa = PBXFileReference; fileEncoding = 4; lastKnownFileType = sourcecode.swift; path = CreateAccountViewController.swift; sourceTree = "<group>"; };
		AC2889581D35DF1400C3225F /* SettingsViewController.swift */ = {isa = PBXFileReference; fileEncoding = 4; lastKnownFileType = sourcecode.swift; path = SettingsViewController.swift; sourceTree = "<group>"; };
		AC28895A1D35DF2300C3225F /* InventoryViewController.swift */ = {isa = PBXFileReference; fileEncoding = 4; lastKnownFileType = sourcecode.swift; path = InventoryViewController.swift; sourceTree = "<group>"; };
		E94A9D2C10BB89A86C2CC627 /* Pods-InventoryManagement.debug.xcconfig */ = {isa = PBXFileReference; includeInIndex = 1; lastKnownFileType = text.xcconfig; name = "Pods-InventoryManagement.debug.xcconfig"; path = "Pods/Target Support Files/Pods-InventoryManagement/Pods-InventoryManagement.debug.xcconfig"; sourceTree = "<group>"; };
		F1F7C01EC3B9CFF93CCE99CE /* Pods-InventoryManagement.release.xcconfig */ = {isa = PBXFileReference; includeInIndex = 1; lastKnownFileType = text.xcconfig; name = "Pods-InventoryManagement.release.xcconfig"; path = "Pods/Target Support Files/Pods-InventoryManagement/Pods-InventoryManagement.release.xcconfig"; sourceTree = "<group>"; };
/* End PBXFileReference section */

/* Begin PBXFrameworksBuildPhase section */
		167F61A61D2EC6F000C3DCEC /* Frameworks */ = {
			isa = PBXFrameworksBuildPhase;
			buildActionMask = 2147483647;
			files = (
				7D8E5B06F86C98D41482B1A3 /* Pods_InventoryManagement.framework in Frameworks */,
			);
			runOnlyForDeploymentPostprocessing = 0;
		};
		167F61BA1D2EC6F000C3DCEC /* Frameworks */ = {
			isa = PBXFrameworksBuildPhase;
			buildActionMask = 2147483647;
			files = (
			);
			runOnlyForDeploymentPostprocessing = 0;
		};
		167F61C51D2EC6F000C3DCEC /* Frameworks */ = {
			isa = PBXFrameworksBuildPhase;
			buildActionMask = 2147483647;
			files = (
			);
			runOnlyForDeploymentPostprocessing = 0;
		};
/* End PBXFrameworksBuildPhase section */

/* Begin PBXGroup section */
		167F61A01D2EC6F000C3DCEC = {
			isa = PBXGroup;
			children = (
				167F61AB1D2EC6F000C3DCEC /* InventoryManagement */,
				167F61C01D2EC6F000C3DCEC /* InventoryManagementTests */,
				167F61CB1D2EC6F000C3DCEC /* InventoryManagementUITests */,
				167F61AA1D2EC6F000C3DCEC /* Products */,
				2D0EB8A9D721BAE190081F9A /* Pods */,
				62774F23C046707EDB8AFDB8 /* Frameworks */,
			);
			sourceTree = "<group>";
		};
		167F61AA1D2EC6F000C3DCEC /* Products */ = {
			isa = PBXGroup;
			children = (
				167F61A91D2EC6F000C3DCEC /* InventoryManagement.app */,
				167F61BD1D2EC6F000C3DCEC /* InventoryManagementTests.xctest */,
				167F61C81D2EC6F000C3DCEC /* InventoryManagementUITests.xctest */,
			);
			name = Products;
			sourceTree = "<group>";
		};
		167F61AB1D2EC6F000C3DCEC /* InventoryManagement */ = {
			isa = PBXGroup;
			children = (
				AC2889521D35881300C3225F /* GoogleService-Info.plist */,
				AC28895C1D35DF4400C3225F /* ViewControllers */,
				167F61AC1D2EC6F000C3DCEC /* AppDelegate.swift */,
				167F61B01D2EC6F000C3DCEC /* Main.storyboard */,
				167F61B31D2EC6F000C3DCEC /* Assets.xcassets */,
				167F61B51D2EC6F000C3DCEC /* LaunchScreen.storyboard */,
				167F61B81D2EC6F000C3DCEC /* Info.plist */,
			);
			path = InventoryManagement;
			sourceTree = "<group>";
		};
		167F61C01D2EC6F000C3DCEC /* InventoryManagementTests */ = {
			isa = PBXGroup;
			children = (
				167F61C11D2EC6F000C3DCEC /* InventoryManagementTests.swift */,
				167F61C31D2EC6F000C3DCEC /* Info.plist */,
			);
			path = InventoryManagementTests;
			sourceTree = "<group>";
		};
		167F61CB1D2EC6F000C3DCEC /* InventoryManagementUITests */ = {
			isa = PBXGroup;
			children = (
				167F61CC1D2EC6F000C3DCEC /* InventoryManagementUITests.swift */,
				167F61CE1D2EC6F000C3DCEC /* Info.plist */,
			);
			path = InventoryManagementUITests;
			sourceTree = "<group>";
		};
		2D0EB8A9D721BAE190081F9A /* Pods */ = {
			isa = PBXGroup;
			children = (
				E94A9D2C10BB89A86C2CC627 /* Pods-InventoryManagement.debug.xcconfig */,
				F1F7C01EC3B9CFF93CCE99CE /* Pods-InventoryManagement.release.xcconfig */,
			);
			name = Pods;
			sourceTree = "<group>";
		};
		62774F23C046707EDB8AFDB8 /* Frameworks */ = {
			isa = PBXGroup;
			children = (
				41FEE53C6636A7C43393F92C /* Pods_InventoryManagement.framework */,
			);
			name = Frameworks;
			sourceTree = "<group>";
		};
		AC28895C1D35DF4400C3225F /* ViewControllers */ = {
			isa = PBXGroup;
			children = (
				AC2889531D35881300C3225F /* WelcomeViewController.swift */,
				167F61AE1D2EC6F000C3DCEC /* LoginViewController.swift */,
				AC2889561D35D44500C3225F /* CreateAccountViewController.swift */,
				AC2889581D35DF1400C3225F /* SettingsViewController.swift */,
				AC28895A1D35DF2300C3225F /* InventoryViewController.swift */,
			);
			name = ViewControllers;
			sourceTree = "<group>";
		};
/* End PBXGroup section */

/* Begin PBXNativeTarget section */
		167F61A81D2EC6F000C3DCEC /* InventoryManagement */ = {
			isa = PBXNativeTarget;
			buildConfigurationList = 167F61D11D2EC6F000C3DCEC /* Build configuration list for PBXNativeTarget "InventoryManagement" */;
			buildPhases = (
				E58591B69573CAE55E96FC36 /* Check Pods Manifest.lock */,
				167F61A51D2EC6F000C3DCEC /* Sources */,
				167F61A61D2EC6F000C3DCEC /* Frameworks */,
				167F61A71D2EC6F000C3DCEC /* Resources */,
				2D62670DBEA7137D59387D4B /* Embed Pods Frameworks */,
				9C9C3DDB3DFACF57FE15D90A /* Copy Pods Resources */,
			);
			buildRules = (
			);
			dependencies = (
			);
			name = InventoryManagement;
			productName = InventoryManagement;
			productReference = 167F61A91D2EC6F000C3DCEC /* InventoryManagement.app */;
			productType = "com.apple.product-type.application";
		};
		167F61BC1D2EC6F000C3DCEC /* InventoryManagementTests */ = {
			isa = PBXNativeTarget;
			buildConfigurationList = 167F61D41D2EC6F000C3DCEC /* Build configuration list for PBXNativeTarget "InventoryManagementTests" */;
			buildPhases = (
				167F61B91D2EC6F000C3DCEC /* Sources */,
				167F61BA1D2EC6F000C3DCEC /* Frameworks */,
				167F61BB1D2EC6F000C3DCEC /* Resources */,
			);
			buildRules = (
			);
			dependencies = (
				167F61BF1D2EC6F000C3DCEC /* PBXTargetDependency */,
			);
			name = InventoryManagementTests;
			productName = InventoryManagementTests;
			productReference = 167F61BD1D2EC6F000C3DCEC /* InventoryManagementTests.xctest */;
			productType = "com.apple.product-type.bundle.unit-test";
		};
		167F61C71D2EC6F000C3DCEC /* InventoryManagementUITests */ = {
			isa = PBXNativeTarget;
			buildConfigurationList = 167F61D71D2EC6F000C3DCEC /* Build configuration list for PBXNativeTarget "InventoryManagementUITests" */;
			buildPhases = (
				167F61C41D2EC6F000C3DCEC /* Sources */,
				167F61C51D2EC6F000C3DCEC /* Frameworks */,
				167F61C61D2EC6F000C3DCEC /* Resources */,
			);
			buildRules = (
			);
			dependencies = (
				167F61CA1D2EC6F000C3DCEC /* PBXTargetDependency */,
			);
			name = InventoryManagementUITests;
			productName = InventoryManagementUITests;
			productReference = 167F61C81D2EC6F000C3DCEC /* InventoryManagementUITests.xctest */;
			productType = "com.apple.product-type.bundle.ui-testing";
		};
/* End PBXNativeTarget section */

/* Begin PBXProject section */
		167F61A11D2EC6F000C3DCEC /* Project object */ = {
			isa = PBXProject;
			attributes = {
				LastSwiftUpdateCheck = 0730;
				LastUpgradeCheck = 0730;
				ORGANIZATIONNAME = "CNT4331-Team9";
				TargetAttributes = {
					167F61A81D2EC6F000C3DCEC = {
						CreatedOnToolsVersion = 7.3;
					};
					167F61BC1D2EC6F000C3DCEC = {
						CreatedOnToolsVersion = 7.3;
						TestTargetID = 167F61A81D2EC6F000C3DCEC;
					};
					167F61C71D2EC6F000C3DCEC = {
						CreatedOnToolsVersion = 7.3;
						TestTargetID = 167F61A81D2EC6F000C3DCEC;
					};
				};
			};
			buildConfigurationList = 167F61A41D2EC6F000C3DCEC /* Build configuration list for PBXProject "InventoryManagement" */;
			compatibilityVersion = "Xcode 3.2";
			developmentRegion = English;
			hasScannedForEncodings = 0;
			knownRegions = (
				en,
				Base,
			);
			mainGroup = 167F61A01D2EC6F000C3DCEC;
			productRefGroup = 167F61AA1D2EC6F000C3DCEC /* Products */;
			projectDirPath = "";
			projectRoot = "";
			targets = (
				167F61A81D2EC6F000C3DCEC /* InventoryManagement */,
				167F61BC1D2EC6F000C3DCEC /* InventoryManagementTests */,
				167F61C71D2EC6F000C3DCEC /* InventoryManagementUITests */,
			);
		};
/* End PBXProject section */

/* Begin PBXResourcesBuildPhase section */
		167F61A71D2EC6F000C3DCEC /* Resources */ = {
			isa = PBXResourcesBuildPhase;
			buildActionMask = 2147483647;
			files = (
				167F61B71D2EC6F000C3DCEC /* LaunchScreen.storyboard in Resources */,
				AC2889541D35881300C3225F /* GoogleService-Info.plist in Resources */,
				167F61B41D2EC6F000C3DCEC /* Assets.xcassets in Resources */,
				167F61B21D2EC6F000C3DCEC /* Main.storyboard in Resources */,
			);
			runOnlyForDeploymentPostprocessing = 0;
		};
		167F61BB1D2EC6F000C3DCEC /* Resources */ = {
			isa = PBXResourcesBuildPhase;
			buildActionMask = 2147483647;
			files = (
			);
			runOnlyForDeploymentPostprocessing = 0;
		};
		167F61C61D2EC6F000C3DCEC /* Resources */ = {
			isa = PBXResourcesBuildPhase;
			buildActionMask = 2147483647;
			files = (
			);
			runOnlyForDeploymentPostprocessing = 0;
		};
/* End PBXResourcesBuildPhase section */

/* Begin PBXShellScriptBuildPhase section */
		2D62670DBEA7137D59387D4B /* Embed Pods Frameworks */ = {
			isa = PBXShellScriptBuildPhase;
			buildActionMask = 2147483647;
			files = (
			);
			inputPaths = (
			);
			name = "Embed Pods Frameworks";
			outputPaths = (
			);
			runOnlyForDeploymentPostprocessing = 0;
			shellPath = /bin/sh;
			shellScript = "\"${SRCROOT}/Pods/Target Support Files/Pods-InventoryManagement/Pods-InventoryManagement-frameworks.sh\"\n";
			showEnvVarsInLog = 0;
		};
		9C9C3DDB3DFACF57FE15D90A /* Copy Pods Resources */ = {
			isa = PBXShellScriptBuildPhase;
			buildActionMask = 2147483647;
			files = (
			);
			inputPaths = (
			);
			name = "Copy Pods Resources";
			outputPaths = (
			);
			runOnlyForDeploymentPostprocessing = 0;
			shellPath = /bin/sh;
			shellScript = "\"${SRCROOT}/Pods/Target Support Files/Pods-InventoryManagement/Pods-InventoryManagement-resources.sh\"\n";
			showEnvVarsInLog = 0;
		};
		E58591B69573CAE55E96FC36 /* Check Pods Manifest.lock */ = {
			isa = PBXShellScriptBuildPhase;
			buildActionMask = 2147483647;
			files = (
			);
			inputPaths = (
			);
			name = "Check Pods Manifest.lock";
			outputPaths = (
			);
			runOnlyForDeploymentPostprocessing = 0;
			shellPath = /bin/sh;
			shellScript = "diff \"${PODS_ROOT}/../Podfile.lock\" \"${PODS_ROOT}/Manifest.lock\" > /dev/null\nif [[ $? != 0 ]] ; then\n    cat << EOM\nerror: The sandbox is not in sync with the Podfile.lock. Run 'pod install' or update your CocoaPods installation.\nEOM\n    exit 1\nfi\n";
			showEnvVarsInLog = 0;
		};
/* End PBXShellScriptBuildPhase section */

/* Begin PBXSourcesBuildPhase section */
		167F61A51D2EC6F000C3DCEC /* Sources */ = {
			isa = PBXSourcesBuildPhase;
			buildActionMask = 2147483647;
			files = (
				AC2889571D35D44500C3225F /* CreateAccountViewController.swift in Sources */,
				AC28895B1D35DF2300C3225F /* InventoryViewController.swift in Sources */,
				AC2889551D35881300C3225F /* WelcomeViewController.swift in Sources */,
				167F61AF1D2EC6F000C3DCEC /* LoginViewController.swift in Sources */,
				AC2889591D35DF1400C3225F /* SettingsViewController.swift in Sources */,
				167F61AD1D2EC6F000C3DCEC /* AppDelegate.swift in Sources */,
			);
			runOnlyForDeploymentPostprocessing = 0;
		};
		167F61B91D2EC6F000C3DCEC /* Sources */ = {
			isa = PBXSourcesBuildPhase;
			buildActionMask = 2147483647;
			files = (
				167F61C21D2EC6F000C3DCEC /* InventoryManagementTests.swift in Sources */,
			);
			runOnlyForDeploymentPostprocessing = 0;
		};
		167F61C41D2EC6F000C3DCEC /* Sources */ = {
			isa = PBXSourcesBuildPhase;
			buildActionMask = 2147483647;
			files = (
				167F61CD1D2EC6F000C3DCEC /* InventoryManagementUITests.swift in Sources */,
			);
			runOnlyForDeploymentPostprocessing = 0;
		};
/* End PBXSourcesBuildPhase section */

/* Begin PBXTargetDependency section */
		167F61BF1D2EC6F000C3DCEC /* PBXTargetDependency */ = {
			isa = PBXTargetDependency;
			target = 167F61A81D2EC6F000C3DCEC /* InventoryManagement */;
			targetProxy = 167F61BE1D2EC6F000C3DCEC /* PBXContainerItemProxy */;
		};
		167F61CA1D2EC6F000C3DCEC /* PBXTargetDependency */ = {
			isa = PBXTargetDependency;
			target = 167F61A81D2EC6F000C3DCEC /* InventoryManagement */;
			targetProxy = 167F61C91D2EC6F000C3DCEC /* PBXContainerItemProxy */;
		};
/* End PBXTargetDependency section */

/* Begin PBXVariantGroup section */
		167F61B01D2EC6F000C3DCEC /* Main.storyboard */ = {
			isa = PBXVariantGroup;
			children = (
				167F61B11D2EC6F000C3DCEC /* Base */,
			);
			name = Main.storyboard;
			sourceTree = "<group>";
		};
		167F61B51D2EC6F000C3DCEC /* LaunchScreen.storyboard */ = {
			isa = PBXVariantGroup;
			children = (
				167F61B61D2EC6F000C3DCEC /* Base */,
			);
			name = LaunchScreen.storyboard;
			sourceTree = "<group>";
		};
/* End PBXVariantGroup section */

/* Begin XCBuildConfiguration section */
		167F61CF1D2EC6F000C3DCEC /* Debug */ = {
			isa = XCBuildConfiguration;
			buildSettings = {
				ALWAYS_SEARCH_USER_PATHS = NO;
				CLANG_ANALYZER_NONNULL = YES;
				CLANG_CXX_LANGUAGE_STANDARD = "gnu++0x";
				CLANG_CXX_LIBRARY = "libc++";
				CLANG_ENABLE_MODULES = YES;
				CLANG_ENABLE_OBJC_ARC = YES;
				CLANG_WARN_BOOL_CONVERSION = YES;
				CLANG_WARN_CONSTANT_CONVERSION = YES;
				CLANG_WARN_DIRECT_OBJC_ISA_USAGE = YES_ERROR;
				CLANG_WARN_EMPTY_BODY = YES;
				CLANG_WARN_ENUM_CONVERSION = YES;
				CLANG_WARN_INT_CONVERSION = YES;
				CLANG_WARN_OBJC_ROOT_CLASS = YES_ERROR;
				CLANG_WARN_UNREACHABLE_CODE = YES;
				CLANG_WARN__DUPLICATE_METHOD_MATCH = YES;
				"CODE_SIGN_IDENTITY[sdk=iphoneos*]" = "iPhone Developer";
				COPY_PHASE_STRIP = NO;
				DEBUG_INFORMATION_FORMAT = dwarf;
				ENABLE_STRICT_OBJC_MSGSEND = YES;
				ENABLE_TESTABILITY = YES;
				GCC_C_LANGUAGE_STANDARD = gnu99;
				GCC_DYNAMIC_NO_PIC = NO;
				GCC_NO_COMMON_BLOCKS = YES;
				GCC_OPTIMIZATION_LEVEL = 0;
				GCC_PREPROCESSOR_DEFINITIONS = (
					"DEBUG=1",
					"$(inherited)",
				);
				GCC_WARN_64_TO_32_BIT_CONVERSION = YES;
				GCC_WARN_ABOUT_RETURN_TYPE = YES_ERROR;
				GCC_WARN_UNDECLARED_SELECTOR = YES;
				GCC_WARN_UNINITIALIZED_AUTOS = YES_AGGRESSIVE;
				GCC_WARN_UNUSED_FUNCTION = YES;
				GCC_WARN_UNUSED_VARIABLE = YES;
				IPHONEOS_DEPLOYMENT_TARGET = 9.3;
				MTL_ENABLE_DEBUG_INFO = YES;
				ONLY_ACTIVE_ARCH = YES;
				SDKROOT = iphoneos;
				SWIFT_OPTIMIZATION_LEVEL = "-Onone";
				TARGETED_DEVICE_FAMILY = "1,2";
			};
			name = Debug;
		};
		167F61D01D2EC6F000C3DCEC /* Release */ = {
			isa = XCBuildConfiguration;
			buildSettings = {
				ALWAYS_SEARCH_USER_PATHS = NO;
				CLANG_ANALYZER_NONNULL = YES;
				CLANG_CXX_LANGUAGE_STANDARD = "gnu++0x";
				CLANG_CXX_LIBRARY = "libc++";
				CLANG_ENABLE_MODULES = YES;
				CLANG_ENABLE_OBJC_ARC = YES;
				CLANG_WARN_BOOL_CONVERSION = YES;
				CLANG_WARN_CONSTANT_CONVERSION = YES;
				CLANG_WARN_DIRECT_OBJC_ISA_USAGE = YES_ERROR;
				CLANG_WARN_EMPTY_BODY = YES;
				CLANG_WARN_ENUM_CONVERSION = YES;
				CLANG_WARN_INT_CONVERSION = YES;
				CLANG_WARN_OBJC_ROOT_CLASS = YES_ERROR;
				CLANG_WARN_UNREACHABLE_CODE = YES;
				CLANG_WARN__DUPLICATE_METHOD_MATCH = YES;
				"CODE_SIGN_IDENTITY[sdk=iphoneos*]" = "iPhone Developer";
				COPY_PHASE_STRIP = NO;
				DEBUG_INFORMATION_FORMAT = "dwarf-with-dsym";
				ENABLE_NS_ASSERTIONS = NO;
				ENABLE_STRICT_OBJC_MSGSEND = YES;
				GCC_C_LANGUAGE_STANDARD = gnu99;
				GCC_NO_COMMON_BLOCKS = YES;
				GCC_WARN_64_TO_32_BIT_CONVERSION = YES;
				GCC_WARN_ABOUT_RETURN_TYPE = YES_ERROR;
				GCC_WARN_UNDECLARED_SELECTOR = YES;
				GCC_WARN_UNINITIALIZED_AUTOS = YES_AGGRESSIVE;
				GCC_WARN_UNUSED_FUNCTION = YES;
				GCC_WARN_UNUSED_VARIABLE = YES;
				IPHONEOS_DEPLOYMENT_TARGET = 9.3;
				MTL_ENABLE_DEBUG_INFO = NO;
				SDKROOT = iphoneos;
				TARGETED_DEVICE_FAMILY = "1,2";
				VALIDATE_PRODUCT = YES;
			};
			name = Release;
		};
		167F61D21D2EC6F000C3DCEC /* Debug */ = {
			isa = XCBuildConfiguration;
			baseConfigurationReference = E94A9D2C10BB89A86C2CC627 /* Pods-InventoryManagement.debug.xcconfig */;
			buildSettings = {
				ASSETCATALOG_COMPILER_APPICON_NAME = AppIcon;
				INFOPLIST_FILE = InventoryManagement/Info.plist;
				LD_RUNPATH_SEARCH_PATHS = "$(inherited) @executable_path/Frameworks";
				PRODUCT_BUNDLE_IDENTIFIER = C.InventoryManagement;
				PRODUCT_NAME = "$(TARGET_NAME)";
			};
			name = Debug;
		};
		167F61D31D2EC6F000C3DCEC /* Release */ = {
			isa = XCBuildConfiguration;
			baseConfigurationReference = F1F7C01EC3B9CFF93CCE99CE /* Pods-InventoryManagement.release.xcconfig */;
			buildSettings = {
				ASSETCATALOG_COMPILER_APPICON_NAME = AppIcon;
				INFOPLIST_FILE = InventoryManagement/Info.plist;
				LD_RUNPATH_SEARCH_PATHS = "$(inherited) @executable_path/Frameworks";
				PRODUCT_BUNDLE_IDENTIFIER = C.InventoryManagement;
				PRODUCT_NAME = "$(TARGET_NAME)";
			};
			name = Release;
		};
		167F61D51D2EC6F000C3DCEC /* Debug */ = {
			isa = XCBuildConfiguration;
			buildSettings = {
				BUNDLE_LOADER = "$(TEST_HOST)";
				INFOPLIST_FILE = InventoryManagementTests/Info.plist;
				LD_RUNPATH_SEARCH_PATHS = "$(inherited) @executable_path/Frameworks @loader_path/Frameworks";
				PRODUCT_BUNDLE_IDENTIFIER = C.InventoryManagementTests;
				PRODUCT_NAME = "$(TARGET_NAME)";
				TEST_HOST = "$(BUILT_PRODUCTS_DIR)/InventoryManagement.app/InventoryManagement";
			};
			name = Debug;
		};
		167F61D61D2EC6F000C3DCEC /* Release */ = {
			isa = XCBuildConfiguration;
			buildSettings = {
				BUNDLE_LOADER = "$(TEST_HOST)";
				INFOPLIST_FILE = InventoryManagementTests/Info.plist;
				LD_RUNPATH_SEARCH_PATHS = "$(inherited) @executable_path/Frameworks @loader_path/Frameworks";
				PRODUCT_BUNDLE_IDENTIFIER = C.InventoryManagementTests;
				PRODUCT_NAME = "$(TARGET_NAME)";
				TEST_HOST = "$(BUILT_PRODUCTS_DIR)/InventoryManagement.app/InventoryManagement";
			};
			name = Release;
		};
		167F61D81D2EC6F000C3DCEC /* Debug */ = {
			isa = XCBuildConfiguration;
			buildSettings = {
				INFOPLIST_FILE = InventoryManagementUITests/Info.plist;
				LD_RUNPATH_SEARCH_PATHS = "$(inherited) @executable_path/Frameworks @loader_path/Frameworks";
				PRODUCT_BUNDLE_IDENTIFIER = C.InventoryManagementUITests;
				PRODUCT_NAME = "$(TARGET_NAME)";
				TEST_TARGET_NAME = InventoryManagement;
			};
			name = Debug;
		};
		167F61D91D2EC6F000C3DCEC /* Release */ = {
			isa = XCBuildConfiguration;
			buildSettings = {
				INFOPLIST_FILE = InventoryManagementUITests/Info.plist;
				LD_RUNPATH_SEARCH_PATHS = "$(inherited) @executable_path/Frameworks @loader_path/Frameworks";
				PRODUCT_BUNDLE_IDENTIFIER = C.InventoryManagementUITests;
				PRODUCT_NAME = "$(TARGET_NAME)";
				TEST_TARGET_NAME = InventoryManagement;
			};
			name = Release;
		};
/* End XCBuildConfiguration section */

/* Begin XCConfigurationList section */
		167F61A41D2EC6F000C3DCEC /* Build configuration list for PBXProject "InventoryManagement" */ = {
			isa = XCConfigurationList;
			buildConfigurations = (
				167F61CF1D2EC6F000C3DCEC /* Debug */,
				167F61D01D2EC6F000C3DCEC /* Release */,
			);
			defaultConfigurationIsVisible = 0;
			defaultConfigurationName = Release;
		};
		167F61D11D2EC6F000C3DCEC /* Build configuration list for PBXNativeTarget "InventoryManagement" */ = {
			isa = XCConfigurationList;
			buildConfigurations = (
				167F61D21D2EC6F000C3DCEC /* Debug */,
				167F61D31D2EC6F000C3DCEC /* Release */,
			);
			defaultConfigurationIsVisible = 0;
			defaultConfigurationName = Release;
		};
		167F61D41D2EC6F000C3DCEC /* Build configuration list for PBXNativeTarget "InventoryManagementTests" */ = {
			isa = XCConfigurationList;
			buildConfigurations = (
				167F61D51D2EC6F000C3DCEC /* Debug */,
				167F61D61D2EC6F000C3DCEC /* Release */,
			);
			defaultConfigurationIsVisible = 0;
			defaultConfigurationName = Release;
		};
		167F61D71D2EC6F000C3DCEC /* Build configuration list for PBXNativeTarget "InventoryManagementUITests" */ = {
			isa = XCConfigurationList;
			buildConfigurations = (
				167F61D81D2EC6F000C3DCEC /* Debug */,
				167F61D91D2EC6F000C3DCEC /* Release */,
			);
			defaultConfigurationIsVisible = 0;
			defaultConfigurationName = Release;
		};
/* End XCConfigurationList section */
	};
	rootObject = 167F61A11D2EC6F000C3DCEC /* Project object */;
}
